
Microsoft Visual Studio Solution File, Format Version 12.00
# Visual Studio Version 17
VisualStudioVersion = 17.11.35219.272
MinimumVisualStudioVersion = 10.0.40219.1
Project("{FAE04EC0-301F-11D3-BF4B-00C04F79EFBC}") = "StudentManagementSystem", "StudentManagementSystem\StudentManagementSystem.csproj", "{FF48F169-C786-4199-97E1-65EF33FAA79C}"
EndProject
Global
	GlobalSection(SolutionConfigurationPlatforms) = preSolution
		Debug|Any CPU = Debug|Any CPU
		Release|Any CPU = Release|Any CPU
	EndGlobalSection
	GlobalSection(ProjectConfigurationPlatforms) = postSolution
		{FF48F169-C786-4199-97E1-65EF33FAA79C}.Debug|Any CPU.ActiveCfg = Debug|Any CPU
		{FF48F169-C786-4199-97E1-65EF33FAA79C}.Debug|Any CPU.Build.0 = Debug|Any CPU
		{FF48F169-C786-4199-97E1-65EF33FAA79C}.Release|Any CPU.ActiveCfg = Release|Any CPU
		{FF48F169-C786-4199-97E1-65EF33FAA79C}.Release|Any CPU.Build.0 = Release|Any CPU
	EndGlobalSection
	GlobalSection(SolutionProperties) = preSolution
		HideSolutionNode = FALSE
	EndGlobalSection
	GlobalSection(ExtensibilityGlobals) = postSolution
		SolutionGuid = {54F0BCBC-6AEF-49F4-8409-96F8329D8FE0}
	EndGlobalSection
EndGlobal
